// !$*UTF8*$!
{
	archiveVersion = 1;
	classes = {
	};
	objectVersion = 46;
	objects = {

/* Begin PBXBuildFile section */
		168FAE4D1B68A8B10008755D /* main.m in Sources */ = {isa = PBXBuildFile; fileRef = 168FAE4C1B68A8B10008755D /* main.m */; };
		168FAE551B68A9070008755D /* NSArray+Swizzle.m in Sources */ = {isa = PBXBuildFile; fileRef = 168FAE541B68A9070008755D /* NSArray+Swizzle.m */; };
/* End PBXBuildFile section */

/* Begin PBXCopyFilesBuildPhase section */
		168FAE471B68A8B10008755D /* CopyFiles */ = {
			isa = PBXCopyFilesBuildPhase;
			buildActionMask = 2147483647;
			dstPath = /usr/share/man/man1/;
			dstSubfolderSpec = 0;
			files = (
			);
			runOnlyForDeploymentPostprocessing = 1;
		};
/* End PBXCopyFilesBuildPhase section */

/* Begin PBXFileReference section */
		168FAE491B68A8B10008755D /* Test_Method_Swizzling */ = {isa = PBXFileReference; explicitFileType = "compiled.mach-o.executable"; includeInIndex = 0; path = Test_Method_Swizzling; sourceTree = BUILT_PRODUCTS_DIR; };
		168FAE4C1B68A8B10008755D /* main.m */ = {isa = PBXFileReference; lastKnownFileType = sourcecode.c.objc; path = main.m; sourceTree = "<group>"; };
		168FAE531B68A9070008755D /* NSArray+Swizzle.h */ = {isa = PBXFileReference; fileEncoding = 4; lastKnownFileType = sourcecode.c.h; path = "NSArray+Swizzle.h"; sourceTree = "<group>"; };
		168FAE541B68A9070008755D /* NSArray+Swizzle.m */ = {isa = PBXFileReference; fileEncoding = 4; lastKnownFileType = sourcecode.c.objc; path = "NSArray+Swizzle.m"; sourceTree = "<group>"; };
/* End PBXFileReference section */

/* Begin PBXFrameworksBuildPhase section */
		168FAE461B68A8B10008755D /* Frameworks */ = {
			isa = PBXFrameworksBuildPhase;
			buildActionMask = 2147483647;
			files = (
			);
			runOnlyForDeploymentPostprocessing = 0;
		};
/* End PBXFrameworksBuildPhase section */

/* Begin PBXGroup section */
		168FAE401B68A8B10008755D = {
			isa = PBXGroup;
			children = (
				168FAE4B1B68A8B10008755D /* Test_Method_Swizzling */,
				168FAE4A1B68A8B10008755D /* Products */,
			);
			sourceTree = "<group>";
		};
		168FAE4A1B68A8B10008755D /* Products */ = {
			isa = PBXGroup;
			children = (
				168FAE491B68A8B10008755D /* Test_Method_Swizzling */,
			);
			name = Products;
			sourceTree = "<group>";
		};
		168FAE4B1B68A8B10008755D /* Test_Method_Swizzling */ = {
			isa = PBXGroup;
			children = (
				168FAE4C1B68A8B10008755D /* main.m */,
				168FAE531B68A9070008755D /* NSArray+Swizzle.h */,
				168FAE541B68A9070008755D /* NSArray+Swizzle.m */,
			);
			path = Test_Method_Swizzling;
			sourceTree = "<group>";
		};
/* End PBXGroup section */

/* Begin PBXNativeTarget section */
		168FAE481B68A8B10008755D /* Test_Method_Swizzling */ = {
			isa = PBXNativeTarget;
			buildConfigurationList = 168FAE501B68A8B10008755D /* Build configuration list for PBXNativeTarget "Test_Method_Swizzling" */;
			buildPhases = (
				168FAE451B68A8B10008755D /* Sources */,
				168FAE461B68A8B10008755D /* Frameworks */,
				168FAE471B68A8B10008755D /* CopyFiles */,
			);
			buildRules = (
			);
			dependencies = (
			);
			name = Test_Method_Swizzling;
			productName = Test_Method_Swizzling;
			productReference = 168FAE491B68A8B10008755D /* Test_Method_Swizzling */;
			productType = "com.apple.product-type.tool";
		};
/* End PBXNativeTarget section */

/* Begin PBXProject section */
		168FAE411B68A8B10008755D /* Project object */ = {
			isa = PBXProject;
			attributes = {
				LastUpgradeCheck = 0640;
				ORGANIZATIONNAME = kkkwan;
				TargetAttributes = {
					168FAE481B68A8B10008755D = {
						CreatedOnToolsVersion = 6.4;
					};
				};
			};
			buildConfigurationList = 168FAE441B68A8B10008755D /* Build configuration list for PBXProject "Test_Method_Swizzling" */;
			compatibilityVersion = "Xcode 3.2";
			developmentRegion = English;
			hasScannedForEncodings = 0;
			knownRegions = (
				en,
			);
			mainGroup = 168FAE401B68A8B10008755D;
			productRefGroup = 168FAE4A1B68A8B10008755D /* Products */;
			projectDirPath = "";
			projectRoot = "";
			targets = (
				168FAE481B68A8B10008755D /* Test_Method_Swizzling */,
			);
		};
/* End PBXProject section */

/* Begin PBXSourcesBuildPhase section */
		168FAE451B68A8B10008755D /* Sources */ = {
			isa = PBXSourcesBuildPhase;
			buildActionMask = 2147483647;
			files = (
				168FAE4D1B68A8B10008755D /* main.m in Sources */,
				168FAE551B68A9070008755D /* NSArray+Swizzle.m in Sources */,
			);
			runOnlyForDeploymentPostprocessing = 0;
		};
/* End PBXSourcesBuildPhase section */

/* Begin XCBuildConfiguration section */
		168FAE4E1B68A8B10008755D /* Debug */ = {
			isa = XCBuildConfiguration;
			buildSettings = {
				ALWAYS_SEARCH_USER_PATHS = NO;
				CLANG_CXX_LANGUAGE_STANDARD = "gnu++0x";
				CLANG_CXX_LIBRARY = "libc++";
				CLANG_ENABLE_MODULES = YES;
				CLANG_ENABLE_OBJC_ARC = YES;
				CLANG_WARN_BOOL_CONVERSION = YES;
				CLANG_WARN_CONSTANT_CONVERSION = YES;
				CLANG_WARN_DIRECT_OBJC_ISA_USAGE = YES_ERROR;
				CLANG_WARN_EMPTY_BODY = YES;
				CLANG_WARN_ENUM_CONVERSION = YES;
				CLANG_WARN_INT_CONVERSION = YES;
				CLANG_WARN_OBJC_ROOT_CLASS = YES_ERROR;
				CLANG_WARN_UNREACHABLE_CODE = YES;
				CLANG_WARN__DUPLICATE_METHOD_MATCH = YES;
				COPY_PHASE_STRIP = NO;
				DEBUG_INFORMATION_FORMAT = dwarf;
				ENABLE_STRICT_OBJC_MSGSEND = YES;
				GCC_C_LANGUAGE_STANDARD = gnu99;
				GCC_DYNAMIC_NO_PIC = NO;
				GCC_NO_COMMON_BLOCKS = YES;
				GCC_OPTIMIZATION_LEVEL = 0;
				GCC_PREPROCESSOR_DEFINITIONS = (
					"DEBUG=1",
					"$(inherited)",
				);
				GCC_SYMBOLS_PRIVATE_EXTERN = NO;
				GCC_WARN_64_TO_32_BIT_CONVERSION = YES;
				GCC_WARN_ABOUT_RETURN_TYPE = YES_ERROR;
				GCC_WARN_UNDECLARED_SELECTOR = YES;
				GCC_WARN_UNINITIALIZED_AUTOS = YES_AGGRESSIVE;
				GCC_WARN_UNUSED_FUNCTION = YES;
				GCC_WARN_UNUSED_VARIABLE = YES;
				MACOSX_DEPLOYMENT_TARGET = 10.10;
				MTL_ENABLE_DEBUG_INFO = YES;
				ONLY_ACTIVE_ARCH = YES;
				SDKROOT = macosx;
			};
			name = Debug;
		};
		168FAE4F1B68A8B10008755D /* Release */ = {
			isa = XCBuildConfiguration;
			buildSettings = {
				ALWAYS_SEARCH_USER_PATHS = NO;
				CLANG_CXX_LANGUAGE_STANDARD = "gnu++0x";
				CLANG_CXX_LIBRARY = "libc++";
				CLANG_ENABLE_MODULES = YES;
				CLANG_ENABLE_OBJC_ARC = YES;
				CLANG_WARN_BOOL_CONVERSION = YES;
				CLANG_WARN_CONSTANT_CONVERSION = YES;
				CLANG_WARN_DIRECT_OBJC_ISA_USAGE = YES_ERROR;
				CLANG_WARN_EMPTY_BODY = YES;
				CLANG_WARN_ENUM_CONVERSION = YES;
				CLANG_WARN_INT_CONVERSION = YES;
				CLANG_WARN_OBJC_ROOT_CLASS = YES_ERROR;
				CLANG_WARN_UNREACHABLE_CODE = YES;
				CLANG_WARN__DUPLICATE_METHOD_MATCH = YES;
				COPY_PHASE_STRIP = NO;
				DEBUG_INFORMATION_FORMAT = "dwarf-with-dsym";
				ENABLE_NS_ASSERTIONS = NO;
				ENABLE_STRICT_OBJC_MSGSEND = YES;
				GCC_C_LANGUAGE_STANDARD = gnu99;
				GCC_NO_COMMON_BLOCKS = YES;
				GCC_WARN_64_TO_32_BIT_CONVERSION = YES;
				GCC_WARN_ABOUT_RETURN_TYPE = YES_ERROR;
				GCC_WARN_UNDECLARED_SELECTOR = YES;
				GCC_WARN_UNINITIALIZED_AUTOS = YES_AGGRESSIVE;
				GCC_WARN_UNUSED_FUNCTION = YES;
				GCC_WARN_UNUSED_VARIABLE = YES;
				MACOSX_DEPLOYMENT_TARGET = 10.10;
				MTL_ENABLE_DEBUG_INFO = NO;
				SDKROOT = macosx;
			};
			name = Release;
		};
		168FAE511B68A8B10008755D /* Debug */ = {
			isa = XCBuildConfiguration;
			buildSettings = {
				PRODUCT_NAME = "$(TARGET_NAME)";
			};
			name = Debug;
		};
		168FAE521B68A8B10008755D /* Release */ = {
			isa = XCBuildConfiguration;
			buildSettings = {
				PRODUCT_NAME = "$(TARGET_NAME)";
			};
			name = Release;
		};
/* End XCBuildConfiguration section */

/* Begin XCConfigurationList section */
		168FAE441B68A8B10008755D /* Build configuration list for PBXProject "Test_Method_Swizzling" */ = {
			isa = XCConfigurationList;
			buildConfigurations = (
				168FAE4E1B68A8B10008755D /* Debug */,
				168FAE4F1B68A8B10008755D /* Release */,
			);
			defaultConfigurationIsVisible = 0;
			defaultConfigurationName = Release;
		};
		168FAE501B68A8B10008755D /* Build configuration list for PBXNativeTarget "Test_Method_Swizzling" */ = {
			isa = XCConfigurationList;
			buildConfigurations = (
				168FAE511B68A8B10008755D /* Debug */,
				168FAE521B68A8B10008755D /* Release */,
			);
			defaultConfigurationIsVisible = 0;
		};
/* End XCConfigurationList section */
	};
	rootObject = 168FAE411B68A8B10008755D /* Project object */;
}
